
Microsoft Visual Studio Solution File, Format Version 12.00
# Visual Studio 14
VisualStudioVersion = 14.0.25420.1
MinimumVisualStudioVersion = 10.0.40219.1
Project("{FAE04EC0-301F-11D3-BF4B-00C04F79EFBC}") = "WordPress.Tests", "WordPress.Tests\WordPress.Tests.csproj", "{7EF868C8-AFF6-4B00-A37B-88FEFC0B5593}"
EndProject
Project("{FAE04EC0-301F-11D3-BF4B-00C04F79EFBC}") = "WordPress.Framework", "WordPress.Framework\WordPress.Framework.csproj", "{FAFBDA2D-036C-4B15-9A5E-F07DC41CA7AE}"
EndProject
Project("{FAE04EC0-301F-11D3-BF4B-00C04F79EFBC}") = "WordPress.Utilities", "WordPress.Utilities\WordPress.Utilities.csproj", "{48915D9C-AC05-42A7-AED1-F84786A3757D}"
EndProject
Global
	GlobalSection(SolutionConfigurationPlatforms) = preSolution
		Debug|Any CPU = Debug|Any CPU
		Release|Any CPU = Release|Any CPU
	EndGlobalSection
	GlobalSection(ProjectConfigurationPlatforms) = postSolution
		{7EF868C8-AFF6-4B00-A37B-88FEFC0B5593}.Debug|Any CPU.ActiveCfg = Debug|Any CPU
		{7EF868C8-AFF6-4B00-A37B-88FEFC0B5593}.Debug|Any CPU.Build.0 = Debug|Any CPU
		{7EF868C8-AFF6-4B00-A37B-88FEFC0B5593}.Release|Any CPU.ActiveCfg = Release|Any CPU
		{7EF868C8-AFF6-4B00-A37B-88FEFC0B5593}.Release|Any CPU.Build.0 = Release|Any CPU
		{FAFBDA2D-036C-4B15-9A5E-F07DC41CA7AE}.Debug|Any CPU.ActiveCfg = Debug|Any CPU
		{FAFBDA2D-036C-4B15-9A5E-F07DC41CA7AE}.Debug|Any CPU.Build.0 = Debug|Any CPU
		{FAFBDA2D-036C-4B15-9A5E-F07DC41CA7AE}.Release|Any CPU.ActiveCfg = Release|Any CPU
		{FAFBDA2D-036C-4B15-9A5E-F07DC41CA7AE}.Release|Any CPU.Build.0 = Release|Any CPU
		{48915D9C-AC05-42A7-AED1-F84786A3757D}.Debug|Any CPU.ActiveCfg = Debug|Any CPU
		{48915D9C-AC05-42A7-AED1-F84786A3757D}.Debug|Any CPU.Build.0 = Debug|Any CPU
		{48915D9C-AC05-42A7-AED1-F84786A3757D}.Release|Any CPU.ActiveCfg = Release|Any CPU
		{48915D9C-AC05-42A7-AED1-F84786A3757D}.Release|Any CPU.Build.0 = Release|Any CPU
	EndGlobalSection
	GlobalSection(SolutionProperties) = preSolution
		HideSolutionNode = FALSE
	EndGlobalSection
EndGlobal
